// !$*UTF8*$!
{
	archiveVersion = 1;
	classes = {
	};
	objectVersion = 46;
	objects = {

/* Begin PBXBuildFile section */
		75789EBC1F7A598800DAE228 /* main.m in Sources */ = {isa = PBXBuildFile; fileRef = 75789EBB1F7A598800DAE228 /* main.m */; };
		75789EBF1F7A598800DAE228 /* AppDelegate.m in Sources */ = {isa = PBXBuildFile; fileRef = 75789EBE1F7A598800DAE228 /* AppDelegate.m */; };
		75789EC21F7A598800DAE228 /* ViewController.m in Sources */ = {isa = PBXBuildFile; fileRef = 75789EC11F7A598800DAE228 /* ViewController.m */; };
		75789EC51F7A598800DAE228 /* Main.storyboard in Resources */ = {isa = PBXBuildFile; fileRef = 75789EC31F7A598800DAE228 /* Main.storyboard */; };
		75789EC71F7A598800DAE228 /* Assets.xcassets in Resources */ = {isa = PBXBuildFile; fileRef = 75789EC61F7A598800DAE228 /* Assets.xcassets */; };
		75789ECA1F7A598800DAE228 /* LaunchScreen.storyboard in Resources */ = {isa = PBXBuildFile; fileRef = 75789EC81F7A598800DAE228 /* LaunchScreen.storyboard */; };
/* End PBXBuildFile section */

/* Begin PBXFileReference section */
		75789EB71F7A598700DAE228 /* TestPod.app */ = {isa = PBXFileReference; explicitFileType = wrapper.application; includeInIndex = 0; path = TestPod.app; sourceTree = BUILT_PRODUCTS_DIR; };
		75789EBB1F7A598800DAE228 /* main.m */ = {isa = PBXFileReference; lastKnownFileType = sourcecode.c.objc; path = main.m; sourceTree = "<group>"; };
		75789EBD1F7A598800DAE228 /* AppDelegate.h */ = {isa = PBXFileReference; lastKnownFileType = sourcecode.c.h; path = AppDelegate.h; sourceTree = "<group>"; };
		75789EBE1F7A598800DAE228 /* AppDelegate.m */ = {isa = PBXFileReference; lastKnownFileType = sourcecode.c.objc; path = AppDelegate.m; sourceTree = "<group>"; };
		75789EC01F7A598800DAE228 /* ViewController.h */ = {isa = PBXFileReference; lastKnownFileType = sourcecode.c.h; path = ViewController.h; sourceTree = "<group>"; };
		75789EC11F7A598800DAE228 /* ViewController.m */ = {isa = PBXFileReference; lastKnownFileType = sourcecode.c.objc; path = ViewController.m; sourceTree = "<group>"; };
		75789EC41F7A598800DAE228 /* Base */ = {isa = PBXFileReference; lastKnownFileType = file.storyboard; name = Base; path = Base.lproj/Main.storyboard; sourceTree = "<group>"; };
		75789EC61F7A598800DAE228 /* Assets.xcassets */ = {isa = PBXFileReference; lastKnownFileType = folder.assetcatalog; path = Assets.xcassets; sourceTree = "<group>"; };
		75789EC91F7A598800DAE228 /* Base */ = {isa = PBXFileReference; lastKnownFileType = file.storyboard; name = Base; path = Base.lproj/LaunchScreen.storyboard; sourceTree = "<group>"; };
		75789ECB1F7A598800DAE228 /* Info.plist */ = {isa = PBXFileReference; lastKnownFileType = text.plist.xml; path = Info.plist; sourceTree = "<group>"; };
/* End PBXFileReference section */

/* Begin PBXFrameworksBuildPhase section */
		75789EB41F7A598700DAE228 /* Frameworks */ = {
			isa = PBXFrameworksBuildPhase;
			buildActionMask = 2147483647;
			files = (
			);
			runOnlyForDeploymentPostprocessing = 0;
		};
/* End PBXFrameworksBuildPhase section */

/* Begin PBXGroup section */
		75789EAE1F7A598700DAE228 = {
			isa = PBXGroup;
			children = (
				75789EB91F7A598700DAE228 /* TestPod */,
				75789EB81F7A598700DAE228 /* Products */,
			);
			sourceTree = "<group>";
		};
		75789EB81F7A598700DAE228 /* Products */ = {
			isa = PBXGroup;
			children = (
				75789EB71F7A598700DAE228 /* TestPod.app */,
			);
			name = Products;
			sourceTree = "<group>";
		};
		75789EB91F7A598700DAE228 /* TestPod */ = {
			isa = PBXGroup;
			children = (
				75789EBD1F7A598800DAE228 /* AppDelegate.h */,
				75789EBE1F7A598800DAE228 /* AppDelegate.m */,
				75789EC01F7A598800DAE228 /* ViewController.h */,
				75789EC11F7A598800DAE228 /* ViewController.m */,
				75789EC31F7A598800DAE228 /* Main.storyboard */,
				75789EC61F7A598800DAE228 /* Assets.xcassets */,
				75789EC81F7A598800DAE228 /* LaunchScreen.storyboard */,
				75789ECB1F7A598800DAE228 /* Info.plist */,
				75789EBA1F7A598800DAE228 /* Supporting Files */,
			);
			path = TestPod;
			sourceTree = "<group>";
		};
		75789EBA1F7A598800DAE228 /* Supporting Files */ = {
			isa = PBXGroup;
			children = (
				75789EBB1F7A598800DAE228 /* main.m */,
			);
			name = "Supporting Files";
			sourceTree = "<group>";
		};
/* End PBXGroup section */

/* Begin PBXNativeTarget section */
		75789EB61F7A598700DAE228 /* TestPod */ = {
			isa = PBXNativeTarget;
			buildConfigurationList = 75789ECE1F7A598800DAE228 /* Build configuration list for PBXNativeTarget "TestPod" */;
			buildPhases = (
				75789EB31F7A598700DAE228 /* Sources */,
				75789EB41F7A598700DAE228 /* Frameworks */,
				75789EB51F7A598700DAE228 /* Resources */,
			);
			buildRules = (
			);
			dependencies = (
			);
			name = TestPod;
			productName = TestPod;
			productReference = 75789EB71F7A598700DAE228 /* TestPod.app */;
			productType = "com.apple.product-type.application";
		};
/* End PBXNativeTarget section */

/* Begin PBXProject section */
		75789EAF1F7A598700DAE228 /* Project object */ = {
			isa = PBXProject;
			attributes = {
				LastUpgradeCheck = 0830;
				ORGANIZATIONNAME = zz;
				TargetAttributes = {
					75789EB61F7A598700DAE228 = {
						CreatedOnToolsVersion = 8.3.3;
						ProvisioningStyle = Automatic;
					};
				};
			};
			buildConfigurationList = 75789EB21F7A598700DAE228 /* Build configuration list for PBXProject "ZZeTestPod" */;
			compatibilityVersion = "Xcode 3.2";
			developmentRegion = English;
			hasScannedForEncodings = 0;
			knownRegions = (
				en,
				Base,
			);
			mainGroup = 75789EAE1F7A598700DAE228;
			productRefGroup = 75789EB81F7A598700DAE228 /* Products */;
			projectDirPath = "";
			projectRoot = "";
			targets = (
				75789EB61F7A598700DAE228 /* TestPod */,
			);
		};
/* End PBXProject section */

/* Begin PBXResourcesBuildPhase section */
		75789EB51F7A598700DAE228 /* Resources */ = {
			isa = PBXResourcesBuildPhase;
			buildActionMask = 2147483647;
			files = (
				75789ECA1F7A598800DAE228 /* LaunchScreen.storyboard in Resources */,
				75789EC71F7A598800DAE228 /* Assets.xcassets in Resources */,
				75789EC51F7A598800DAE228 /* Main.storyboard in Resources */,
			);
			runOnlyForDeploymentPostprocessing = 0;
		};
/* End PBXResourcesBuildPhase section */

/* Begin PBXSourcesBuildPhase section */
		75789EB31F7A598700DAE228 /* Sources */ = {
			isa = PBXSourcesBuildPhase;
			buildActionMask = 2147483647;
			files = (
				75789EC21F7A598800DAE228 /* ViewController.m in Sources */,
				75789EBF1F7A598800DAE228 /* AppDelegate.m in Sources */,
				75789EBC1F7A598800DAE228 /* main.m in Sources */,
			);
			runOnlyForDeploymentPostprocessing = 0;
		};
/* End PBXSourcesBuildPhase section */

/* Begin PBXVariantGroup section */
		75789EC31F7A598800DAE228 /* Main.storyboard */ = {
			isa = PBXVariantGroup;
			children = (
				75789EC41F7A598800DAE228 /* Base */,
			);
			name = Main.storyboard;
			sourceTree = "<group>";
		};
		75789EC81F7A598800DAE228 /* LaunchScreen.storyboard */ = {
			isa = PBXVariantGroup;
			children = (
				75789EC91F7A598800DAE228 /* Base */,
			);
			name = LaunchScreen.storyboard;
			sourceTree = "<group>";
		};
/* End PBXVariantGroup section */

/* Begin XCBuildConfiguration section */
		75789ECC1F7A598800DAE228 /* Debug */ = {
			isa = XCBuildConfiguration;
			buildSettings = {
				ALWAYS_SEARCH_USER_PATHS = NO;
				CLANG_ANALYZER_NONNULL = YES;
				CLANG_ANALYZER_NUMBER_OBJECT_CONVERSION = YES_AGGRESSIVE;
				CLANG_CXX_LANGUAGE_STANDARD = "gnu++0x";
				CLANG_CXX_LIBRARY = "libc++";
				CLANG_ENABLE_MODULES = YES;
				CLANG_ENABLE_OBJC_ARC = YES;
				CLANG_WARN_BOOL_CONVERSION = YES;
				CLANG_WARN_CONSTANT_CONVERSION = YES;
				CLANG_WARN_DIRECT_OBJC_ISA_USAGE = YES_ERROR;
				CLANG_WARN_DOCUMENTATION_COMMENTS = YES;
				CLANG_WARN_EMPTY_BODY = YES;
				CLANG_WARN_ENUM_CONVERSION = YES;
				CLANG_WARN_INFINITE_RECURSION = YES;
				CLANG_WARN_INT_CONVERSION = YES;
				CLANG_WARN_OBJC_ROOT_CLASS = YES_ERROR;
				CLANG_WARN_SUSPICIOUS_MOVE = YES;
				CLANG_WARN_UNREACHABLE_CODE = YES;
				CLANG_WARN__DUPLICATE_METHOD_MATCH = YES;
				"CODE_SIGN_IDENTITY[sdk=iphoneos*]" = "iPhone Developer";
				COPY_PHASE_STRIP = NO;
				DEBUG_INFORMATION_FORMAT = dwarf;
				ENABLE_STRICT_OBJC_MSGSEND = YES;
				ENABLE_TESTABILITY = YES;
				GCC_C_LANGUAGE_STANDARD = gnu99;
				GCC_DYNAMIC_NO_PIC = NO;
				GCC_NO_COMMON_BLOCKS = YES;
				GCC_OPTIMIZATION_LEVEL = 0;
				GCC_PREPROCESSOR_DEFINITIONS = (
					"DEBUG=1",
					"$(inherited)",
				);
				GCC_WARN_64_TO_32_BIT_CONVERSION = YES;
				GCC_WARN_ABOUT_RETURN_TYPE = YES_ERROR;
				GCC_WARN_UNDECLARED_SELECTOR = YES;
				GCC_WARN_UNINITIALIZED_AUTOS = YES_AGGRESSIVE;
				GCC_WARN_UNUSED_FUNCTION = YES;
				GCC_WARN_UNUSED_VARIABLE = YES;
				IPHONEOS_DEPLOYMENT_TARGET = 10.3;
				MTL_ENABLE_DEBUG_INFO = YES;
				ONLY_ACTIVE_ARCH = YES;
				SDKROOT = iphoneos;
				TARGETED_DEVICE_FAMILY = "1,2";
			};
			name = Debug;
		};
		75789ECD1F7A598800DAE228 /* Release */ = {
			isa = XCBuildConfiguration;
			buildSettings = {
				ALWAYS_SEARCH_USER_PATHS = NO;
				CLANG_ANALYZER_NONNULL = YES;
				CLANG_ANALYZER_NUMBER_OBJECT_CONVERSION = YES_AGGRESSIVE;
				CLANG_CXX_LANGUAGE_STANDARD = "gnu++0x";
				CLANG_CXX_LIBRARY = "libc++";
				CLANG_ENABLE_MODULES = YES;
				CLANG_ENABLE_OBJC_ARC = YES;
				CLANG_WARN_BOOL_CONVERSION = YES;
				CLANG_WARN_CONSTANT_CONVERSION = YES;
				CLANG_WARN_DIRECT_OBJC_ISA_USAGE = YES_ERROR;
				CLANG_WARN_DOCUMENTATION_COMMENTS = YES;
				CLANG_WARN_EMPTY_BODY = YES;
				CLANG_WARN_ENUM_CONVERSION = YES;
				CLANG_WARN_INFINITE_RECURSION = YES;
				CLANG_WARN_INT_CONVERSION = YES;
				CLANG_WARN_OBJC_ROOT_CLASS = YES_ERROR;
				CLANG_WARN_SUSPICIOUS_MOVE = YES;
				CLANG_WARN_UNREACHABLE_CODE = YES;
				CLANG_WARN__DUPLICATE_METHOD_MATCH = YES;
				"CODE_SIGN_IDENTITY[sdk=iphoneos*]" = "iPhone Developer";
				COPY_PHASE_STRIP = NO;
				DEBUG_INFORMATION_FORMAT = "dwarf-with-dsym";
				ENABLE_NS_ASSERTIONS = NO;
				ENABLE_STRICT_OBJC_MSGSEND = YES;
				GCC_C_LANGUAGE_STANDARD = gnu99;
				GCC_NO_COMMON_BLOCKS = YES;
				GCC_WARN_64_TO_32_BIT_CONVERSION = YES;
				GCC_WARN_ABOUT_RETURN_TYPE = YES_ERROR;
				GCC_WARN_UNDECLARED_SELECTOR = YES;
				GCC_WARN_UNINITIALIZED_AUTOS = YES_AGGRESSIVE;
				GCC_WARN_UNUSED_FUNCTION = YES;
				GCC_WARN_UNUSED_VARIABLE = YES;
				IPHONEOS_DEPLOYMENT_TARGET = 10.3;
				MTL_ENABLE_DEBUG_INFO = NO;
				SDKROOT = iphoneos;
				TARGETED_DEVICE_FAMILY = "1,2";
				VALIDATE_PRODUCT = YES;
			};
			name = Release;
		};
		75789ECF1F7A598800DAE228 /* Debug */ = {
			isa = XCBuildConfiguration;
			buildSettings = {
				ASSETCATALOG_COMPILER_APPICON_NAME = AppIcon;
				INFOPLIST_FILE = TestPod/Info.plist;
				LD_RUNPATH_SEARCH_PATHS = "$(inherited) @executable_path/Frameworks";
				PRODUCT_BUNDLE_IDENTIFIER = com.monster.TestPod;
				PRODUCT_NAME = "$(TARGET_NAME)";
			};
			name = Debug;
		};
		75789ED01F7A598800DAE228 /* Release */ = {
			isa = XCBuildConfiguration;
			buildSettings = {
				ASSETCATALOG_COMPILER_APPICON_NAME = AppIcon;
				INFOPLIST_FILE = TestPod/Info.plist;
				LD_RUNPATH_SEARCH_PATHS = "$(inherited) @executable_path/Frameworks";
				PRODUCT_BUNDLE_IDENTIFIER = com.monster.TestPod;
				PRODUCT_NAME = "$(TARGET_NAME)";
			};
			name = Release;
		};
/* End XCBuildConfiguration section */

/* Begin XCConfigurationList section */
		75789EB21F7A598700DAE228 /* Build configuration list for PBXProject "ZZeTestPod" */ = {
			isa = XCConfigurationList;
			buildConfigurations = (
				75789ECC1F7A598800DAE228 /* Debug */,
				75789ECD1F7A598800DAE228 /* Release */,
			);
			defaultConfigurationIsVisible = 0;
			defaultConfigurationName = Release;
		};
		75789ECE1F7A598800DAE228 /* Build configuration list for PBXNativeTarget "TestPod" */ = {
			isa = XCConfigurationList;
			buildConfigurations = (
				75789ECF1F7A598800DAE228 /* Debug */,
				75789ED01F7A598800DAE228 /* Release */,
			);
			defaultConfigurationIsVisible = 0;
			defaultConfigurationName = Release;
		};
/* End XCConfigurationList section */
	};
	rootObject = 75789EAF1F7A598700DAE228 /* Project object */;
}
